<?xml version="1.0" encoding="utf-8"?>
<Project ToolsVersion="4.0" xmlns="http://schemas.microsoft.com/developer/msbuild/2003">
  <ItemGroup>
    <Filter Include="Source Files">
      <UniqueIdentifier>{4FC737F1-C7A5-4376-A066-2A32D752A2FF}</UniqueIdentifier>
      <Extensions>cpp;cxx;c;def</Extensions>
    </Filter>
    <Filter Include="Header Files">
      <UniqueIdentifier>{93995380-89BD-4b04-88EB-625FBE52EBFB}</UniqueIdentifier>
      <Extensions>h</Extensions>
    </Filter>
    <Filter Include="Form Files">
      <UniqueIdentifier>{99349809-55BA-4b9d-BF79-8FDBB0286EB3}</UniqueIdentifier>
      <Extensions>ui</Extensions>
    </Filter>
    <Filter Include="Resource Files">
      <UniqueIdentifier>{D9D6E242-F8AF-46E4-B9FD-80ECBC20BA3E}</UniqueIdentifier>
      <Extensions>qrc;*</Extensions>
      <ParseFiles>false</ParseFiles>
    </Filter>
    <Filter Include="Generated Files">
      <UniqueIdentifier>{71ED8ED8-ACB9-4CE9-BBE1-E00B30144E11}</UniqueIdentifier>
      <Extensions>moc;h;cpp</Extensions>
      <SourceControlFiles>False</SourceControlFiles>
    </Filter>
    <Filter Include="Generated Files\Debug">
      <UniqueIdentifier>{a6a07c4c-5d0d-4310-8942-fa4bb9f25b2b}</UniqueIdentifier>
      <Extensions>cpp;moc</Extensions>
      <SourceControlFiles>False</SourceControlFiles>
    </Filter>
    <Filter Include="Generated Files\Release">
      <UniqueIdentifier>{059f5bf8-861a-49c8-900f-1952fef18476}</UniqueIdentifier>
      <Extensions>cpp;moc</Extensions>
      <SourceControlFiles>False</SourceControlFiles>
    </Filter>
    <Filter Include="Header Files\IO">
      <UniqueIdentifier>{4cbc0f02-0347-49b3-860d-efa2433c702d}</UniqueIdentifier>
    </Filter>
    <Filter Include="Header Files\Sound">
      <UniqueIdentifier>{ffa6851a-f198-4ecf-abfa-ed7b1cd491fd}</UniqueIdentifier>
    </Filter>
    <Filter Include="Header Files\IO\Leap">
      <UniqueIdentifier>{611ccc9a-9e05-4e64-ac2e-84c8bf80077f}</UniqueIdentifier>
    </Filter>
    <Filter Include="Source Files\IO">
      <UniqueIdentifier>{47eb5e94-88da-42ea-b703-c6c7390f7308}</UniqueIdentifier>
    </Filter>
    <Filter Include="Source Files\IO\Leap">
      <UniqueIdentifier>{47077d4c-0efa-4cb6-b0f3-47a72c32b2d7}</UniqueIdentifier>
    </Filter>
    <Filter Include="Source Files\Sound">
      <UniqueIdentifier>{cdeb14c4-9bed-4f62-beeb-e5007431c0d5}</UniqueIdentifier>
    </Filter>
  </ItemGroup>
  <ItemGroup>
    <ClCompile Include="main.cpp">
      <Filter>Source Files</Filter>
    </ClCompile>
    <ClCompile Include="theremin.cpp">
      <Filter>Source Files</Filter>
    </ClCompile>
    <ClCompile Include="GeneratedFiles\Debug\moc_theremin.cpp">
      <Filter>Generated Files\Debug</Filter>
    </ClCompile>
    <ClCompile Include="GeneratedFiles\Release\moc_theremin.cpp">
      <Filter>Generated Files\Release</Filter>
    </ClCompile>
    <ClCompile Include="GeneratedFiles\qrc_theremin.cpp">
      <Filter>Generated Files</Filter>
    </ClCompile>
    <ClCompile Include="graficos.cpp">
      <Filter>Source Files</Filter>
    </ClCompile>
    <ClCompile Include="GeneratedFiles\Debug\moc_graficos.cpp">
      <Filter>Generated Files\Debug</Filter>
    </ClCompile>
    <ClCompile Include="GeneratedFiles\Release\moc_graficos.cpp">
      <Filter>Generated Files\Release</Filter>
    </ClCompile>
    <ClCompile Include="src\IO\Leap\UGKLeap.cpp">
      <Filter>Source Files\IO\Leap</Filter>
    </ClCompile>
    <ClCompile Include="src\IO\Leap\UGKLeapGestureRecognizer.cpp">
      <Filter>Source Files\IO\Leap</Filter>
    </ClCompile>
    <ClCompile Include="src\IO\Leap\UGKLeapGestureTreatment.cpp">
      <Filter>Source Files\IO\Leap</Filter>
    </ClCompile>
    <ClCompile Include="src\Sound\UGKSound.cpp">
      <Filter>Source Files\Sound</Filter>
    </ClCompile>
    <ClCompile Include="src\Sound\UGKSoundSystem.cpp">
      <Filter>Source Files\Sound</Filter>
    </ClCompile>
    <ClCompile Include="ventanaintro.cpp">
      <Filter>Source Files</Filter>
    </ClCompile>
    <ClCompile Include="GeneratedFiles\Debug\moc_ventanaintro.cpp">
      <Filter>Generated Files\Debug</Filter>
    </ClCompile>
    <ClCompile Include="GeneratedFiles\Release\moc_ventanaintro.cpp">
      <Filter>Generated Files\Release</Filter>
    </ClCompile>
    <ClCompile Include="ventanasobre.cpp">
      <Filter>Source Files</Filter>
    </ClCompile>
    <ClCompile Include="GeneratedFiles\Debug\moc_ventanasobre.cpp">
      <Filter>Generated Files\Debug</Filter>
    </ClCompile>
    <ClCompile Include="GeneratedFiles\Release\moc_ventanasobre.cpp">
      <Filter>Generated Files\Release</Filter>
    </ClCompile>
    <ClCompile Include="ventanaconf.cpp">
      <Filter>Source Files</Filter>
    </ClCompile>
    <ClCompile Include="GeneratedFiles\Debug\moc_ventanaconf.cpp">
      <Filter>Generated Files\Debug</Filter>
    </ClCompile>
    <ClCompile Include="GeneratedFiles\Release\moc_ventanaconf.cpp">
      <Filter>Generated Files\Release</Filter>
    </ClCompile>
    <ClCompile Include="modelo.cpp">
      <Filter>Source Files</Filter>
    </ClCompile>
  </ItemGroup>
  <ItemGroup>
    <CustomBuild Include="theremin.h">
      <Filter>Header Files</Filter>
    </CustomBuild>
    <CustomBuild Include="theremin.ui">
      <Filter>Form Files</Filter>
    </CustomBuild>
    <CustomBuild Include="theremin.qrc">
      <Filter>Resource Files</Filter>
    </CustomBuild>
    <CustomBuild Include="graficos.h">
      <Filter>Header Files</Filter>
    </CustomBuild>
    <CustomBuild Include="ventanaintro.h">
      <Filter>Header Files</Filter>
    </CustomBuild>
    <CustomBuild Include="ventanaintro.ui">
      <Filter>Form Files</Filter>
    </CustomBuild>
    <CustomBuild Include="ventanasobre.h">
      <Filter>Header Files</Filter>
    </CustomBuild>
    <CustomBuild Include="ventanasobre.ui">
      <Filter>Form Files</Filter>
    </CustomBuild>
    <CustomBuild Include="ventanaconf.h">
      <Filter>Header Files</Filter>
    </CustomBuild>
    <CustomBuild Include="ventanaconf.ui">
      <Filter>Form Files</Filter>
    </CustomBuild>
  </ItemGroup>
  <ItemGroup>
    <ClInclude Include="GeneratedFiles\ui_theremin.h">
      <Filter>Generated Files</Filter>
    </ClInclude>
    <ClInclude Include="user\include\UGK.h">
      <Filter>Header Files</Filter>
    </ClInclude>
    <ClInclude Include="user\include\UGKOS.h">
      <Filter>Header Files</Filter>
    </ClInclude>
    <ClInclude Include="user\include\Sound\UGKSound.h">
      <Filter>Header Files\Sound</Filter>
    </ClInclude>
    <ClInclude Include="user\include\Sound\UGKSoundEngine.h">
      <Filter>Header Files\Sound</Filter>
    </ClInclude>
    <ClInclude Include="user\include\Sound\UGKSoundSystem.h">
      <Filter>Header Files\Sound</Filter>
    </ClInclude>
    <ClInclude Include="user\include\IO\Leap\UGKLeap.h">
      <Filter>Header Files\IO\Leap</Filter>
    </ClInclude>
    <ClInclude Include="user\include\IO\Leap\UGKLeapGestureRecognizer.h">
      <Filter>Header Files\IO\Leap</Filter>
    </ClInclude>
    <ClInclude Include="user\include\IO\Leap\UGKLeapGestureTreatment.h">
      <Filter>Header Files\IO\Leap</Filter>
    </ClInclude>
    <ClInclude Include="user\include\IO\Leap\UGKLeapVersion.h">
      <Filter>Header Files\IO\Leap</Filter>
    </ClInclude>
    <ClInclude Include="GeneratedFiles\ui_ventanaintro.h">
      <Filter>Generated Files</Filter>
    </ClInclude>
    <ClInclude Include="GeneratedFiles\ui_ventanasobre.h">
      <Filter>Generated Files</Filter>
    </ClInclude>
    <ClInclude Include="GeneratedFiles\ui_ventanaconf.h">
      <Filter>Generated Files</Filter>
    </ClInclude>
    <ClInclude Include="modelo.h">
      <Filter>Header Files</Filter>
    </ClInclude>
  </ItemGroup>
</Project>